
Microsoft Visual Studio Solution File, Format Version 12.00
# Visual Studio Version 17
VisualStudioVersion = 17.14.36301.6
MinimumVisualStudioVersion = 10.0.40219.1
Project("{2150E333-8FDC-42A3-9474-1A3956D46DE8}") = "src", "src", "{02EA681E-C7D8-13C7-8484-4AC65E1B71E8}"
EndProject
Project("{2150E333-8FDC-42A3-9474-1A3956D46DE8}") = "tests", "tests", "{973B7859-A3B0-4143-8578-547B434EA768}"
EndProject
Project("{FAE04EC0-301F-11D3-BF4B-00C04F79EFBC}") = "AppDomain", "src\AppDomain\AppDomain.csproj", "{5FEA2294-ED1C-42CD-9148-220B47E53C4B}"
EndProject
Project("{FAE04EC0-301F-11D3-BF4B-00C04F79EFBC}") = "Application", "src\Application\Application.csproj", "{28164FF7-8A2B-448F-B093-9972A7881B25}"
EndProject
Project("{FAE04EC0-301F-11D3-BF4B-00C04F79EFBC}") = "Infrastructure", "src\Infrastructure\Infrastructure.csproj", "{A26FBBD9-17FC-444D-81E6-4E3A5E4C365F}"
EndProject
Project("{FAE04EC0-301F-11D3-BF4B-00C04F79EFBC}") = "Web", "src\Web\Web.csproj", "{C90A247B-558B-4A08-9029-CA013B642FC6}"
EndProject
Project("{FAE04EC0-301F-11D3-BF4B-00C04F79EFBC}") = "AppDomain.UnitTests", "tests\AppDomain.UnitTests\AppDomain.UnitTests.csproj", "{EF79E6EB-900B-4899-AE60-9B97AA7CA045}"
EndProject
Project("{FAE04EC0-301F-11D3-BF4B-00C04F79EFBC}") = "Application.UnitTests", "tests\Application.UnitTests\Application.UnitTests.csproj", "{06DA3AC5-74A4-4D55-B984-B38ED0BD43D5}"
EndProject
Project("{FAE04EC0-301F-11D3-BF4B-00C04F79EFBC}") = "Infrastructure.IntegrationTests", "tests\Infrastructure.IntegrationTests\Infrastructure.IntegrationTests.csproj", "{43955760-AE8C-45F2-8AFF-6D4E8E8EA987}"
EndProject
Project("{FAE04EC0-301F-11D3-BF4B-00C04F79EFBC}") = "Web.IntegrationTests", "tests\Web.IntegrationTests\Web.IntegrationTests.csproj", "{1BA33C11-83CF-4759-918A-1C7EEEC91C5F}"
EndProject
Global
	GlobalSection(SolutionConfigurationPlatforms) = preSolution
		Debug|Any CPU = Debug|Any CPU
		Release|Any CPU = Release|Any CPU
	EndGlobalSection
	GlobalSection(ProjectConfigurationPlatforms) = postSolution
		{5FEA2294-ED1C-42CD-9148-220B47E53C4B}.Debug|Any CPU.ActiveCfg = Debug|Any CPU
		{5FEA2294-ED1C-42CD-9148-220B47E53C4B}.Debug|Any CPU.Build.0 = Debug|Any CPU
		{5FEA2294-ED1C-42CD-9148-220B47E53C4B}.Release|Any CPU.ActiveCfg = Release|Any CPU
		{5FEA2294-ED1C-42CD-9148-220B47E53C4B}.Release|Any CPU.Build.0 = Release|Any CPU
		{28164FF7-8A2B-448F-B093-9972A7881B25}.Debug|Any CPU.ActiveCfg = Debug|Any CPU
		{28164FF7-8A2B-448F-B093-9972A7881B25}.Debug|Any CPU.Build.0 = Debug|Any CPU
		{28164FF7-8A2B-448F-B093-9972A7881B25}.Release|Any CPU.ActiveCfg = Release|Any CPU
		{28164FF7-8A2B-448F-B093-9972A7881B25}.Release|Any CPU.Build.0 = Release|Any CPU
		{A26FBBD9-17FC-444D-81E6-4E3A5E4C365F}.Debug|Any CPU.ActiveCfg = Debug|Any CPU
		{A26FBBD9-17FC-444D-81E6-4E3A5E4C365F}.Debug|Any CPU.Build.0 = Debug|Any CPU
		{A26FBBD9-17FC-444D-81E6-4E3A5E4C365F}.Release|Any CPU.ActiveCfg = Release|Any CPU
		{A26FBBD9-17FC-444D-81E6-4E3A5E4C365F}.Release|Any CPU.Build.0 = Release|Any CPU
		{C90A247B-558B-4A08-9029-CA013B642FC6}.Debug|Any CPU.ActiveCfg = Debug|Any CPU
		{C90A247B-558B-4A08-9029-CA013B642FC6}.Debug|Any CPU.Build.0 = Debug|Any CPU
		{C90A247B-558B-4A08-9029-CA013B642FC6}.Release|Any CPU.ActiveCfg = Release|Any CPU
		{C90A247B-558B-4A08-9029-CA013B642FC6}.Release|Any CPU.Build.0 = Release|Any CPU
		{EF79E6EB-900B-4899-AE60-9B97AA7CA045}.Debug|Any CPU.ActiveCfg = Debug|Any CPU
		{EF79E6EB-900B-4899-AE60-9B97AA7CA045}.Debug|Any CPU.Build.0 = Debug|Any CPU
		{EF79E6EB-900B-4899-AE60-9B97AA7CA045}.Release|Any CPU.ActiveCfg = Release|Any CPU
		{EF79E6EB-900B-4899-AE60-9B97AA7CA045}.Release|Any CPU.Build.0 = Release|Any CPU
		{06DA3AC5-74A4-4D55-B984-B38ED0BD43D5}.Debug|Any CPU.ActiveCfg = Debug|Any CPU
		{06DA3AC5-74A4-4D55-B984-B38ED0BD43D5}.Debug|Any CPU.Build.0 = Debug|Any CPU
		{06DA3AC5-74A4-4D55-B984-B38ED0BD43D5}.Release|Any CPU.ActiveCfg = Release|Any CPU
		{06DA3AC5-74A4-4D55-B984-B38ED0BD43D5}.Release|Any CPU.Build.0 = Release|Any CPU
		{43955760-AE8C-45F2-8AFF-6D4E8E8EA987}.Debug|Any CPU.ActiveCfg = Debug|Any CPU
		{43955760-AE8C-45F2-8AFF-6D4E8E8EA987}.Debug|Any CPU.Build.0 = Debug|Any CPU
		{43955760-AE8C-45F2-8AFF-6D4E8E8EA987}.Release|Any CPU.ActiveCfg = Release|Any CPU
		{43955760-AE8C-45F2-8AFF-6D4E8E8EA987}.Release|Any CPU.Build.0 = Release|Any CPU
		{1BA33C11-83CF-4759-918A-1C7EEEC91C5F}.Debug|Any CPU.ActiveCfg = Debug|Any CPU
		{1BA33C11-83CF-4759-918A-1C7EEEC91C5F}.Debug|Any CPU.Build.0 = Debug|Any CPU
		{1BA33C11-83CF-4759-918A-1C7EEEC91C5F}.Release|Any CPU.ActiveCfg = Release|Any CPU
		{1BA33C11-83CF-4759-918A-1C7EEEC91C5F}.Release|Any CPU.Build.0 = Release|Any CPU
	EndGlobalSection
	GlobalSection(SolutionProperties) = preSolution
		HideSolutionNode = FALSE
	EndGlobalSection
	GlobalSection(NestedProjects) = preSolution
		{5FEA2294-ED1C-42CD-9148-220B47E53C4B} = {02EA681E-C7D8-13C7-8484-4AC65E1B71E8}
		{28164FF7-8A2B-448F-B093-9972A7881B25} = {02EA681E-C7D8-13C7-8484-4AC65E1B71E8}
		{A26FBBD9-17FC-444D-81E6-4E3A5E4C365F} = {02EA681E-C7D8-13C7-8484-4AC65E1B71E8}
		{C90A247B-558B-4A08-9029-CA013B642FC6} = {02EA681E-C7D8-13C7-8484-4AC65E1B71E8}
		{EF79E6EB-900B-4899-AE60-9B97AA7CA045} = {973B7859-A3B0-4143-8578-547B434EA768}
		{06DA3AC5-74A4-4D55-B984-B38ED0BD43D5} = {973B7859-A3B0-4143-8578-547B434EA768}
		{43955760-AE8C-45F2-8AFF-6D4E8E8EA987} = {973B7859-A3B0-4143-8578-547B434EA768}
		{1BA33C11-83CF-4759-918A-1C7EEEC91C5F} = {973B7859-A3B0-4143-8578-547B434EA768}
	EndGlobalSection
	GlobalSection(ExtensibilityGlobals) = postSolution
		SolutionGuid = {A8CB909C-B18F-433D-81C6-FE285E85FBE2}
	EndGlobalSection
EndGlobal
